
Microsoft Visual Studio Solution File, Format Version 9.00
# Visual Studio 2005
Project("{FAE04EC0-301F-11D3-BF4B-00C04F79EFBC}") = "À‡·2", "À‡·2.csproj", "{0CC5ECCC-2A91-4CBF-AAC1-75C9BF0F245C}"
EndProject
Global
	GlobalSection(SolutionConfigurationPlatforms) = preSolution
		Debug|Any CPU = Debug|Any CPU
		Release|Any CPU = Release|Any CPU
	EndGlobalSection
	GlobalSection(ProjectConfigurationPlatforms) = postSolution
		{0CC5ECCC-2A91-4CBF-AAC1-75C9BF0F245C}.Debug|Any CPU.ActiveCfg = Debug|Any CPU
		{0CC5ECCC-2A91-4CBF-AAC1-75C9BF0F245C}.Debug|Any CPU.Build.0 = Debug|Any CPU
		{0CC5ECCC-2A91-4CBF-AAC1-75C9BF0F245C}.Release|Any CPU.ActiveCfg = Release|Any CPU
		{0CC5ECCC-2A91-4CBF-AAC1-75C9BF0F245C}.Release|Any CPU.Build.0 = Release|Any CPU
	EndGlobalSection
	GlobalSection(SolutionProperties) = preSolution
		HideSolutionNode = FALSE
	EndGlobalSection
EndGlobal
