
Microsoft Visual Studio Solution File, Format Version 10.00
# Visual Studio 2008
Project("{FAE04EC0-301F-11D3-BF4B-00C04F79EFBC}") = "ailab3", "ailab3\ailab3.csproj", "{FFC82A4A-2C9B-40F0-A3AF-1CEC70E1CD45}"
EndProject
Project("{FAE04EC0-301F-11D3-BF4B-00C04F79EFBC}") = "lab3wpf", "lab3wpf\lab3wpf.csproj", "{24A22D38-ACDE-4FE9-B2C9-B3EFBB3922BB}"
EndProject
Project("{FAE04EC0-301F-11D3-BF4B-00C04F79EFBC}") = "logic15", "logic15\logic15.csproj", "{522F198E-3786-4954-B5E9-6582757B739C}"
EndProject
Project("{2150E333-8FDC-42A3-9474-1A3956D46DE8}") = "Solution Items", "Solution Items", "{A2CAE775-DBED-4AD9-AA11-87A956A51E29}"
	ProjectSection(SolutionItems) = preProject
		4x4.csv = 4x4.csv
		4x4.xlsx = 4x4.xlsx
	EndProjectSection
EndProject
Global
	GlobalSection(SolutionConfigurationPlatforms) = preSolution
		Debug|Any CPU = Debug|Any CPU
		Release|Any CPU = Release|Any CPU
	EndGlobalSection
	GlobalSection(ProjectConfigurationPlatforms) = postSolution
		{FFC82A4A-2C9B-40F0-A3AF-1CEC70E1CD45}.Debug|Any CPU.ActiveCfg = Debug|Any CPU
		{FFC82A4A-2C9B-40F0-A3AF-1CEC70E1CD45}.Debug|Any CPU.Build.0 = Debug|Any CPU
		{FFC82A4A-2C9B-40F0-A3AF-1CEC70E1CD45}.Release|Any CPU.ActiveCfg = Release|Any CPU
		{FFC82A4A-2C9B-40F0-A3AF-1CEC70E1CD45}.Release|Any CPU.Build.0 = Release|Any CPU
		{24A22D38-ACDE-4FE9-B2C9-B3EFBB3922BB}.Debug|Any CPU.ActiveCfg = Debug|Any CPU
		{24A22D38-ACDE-4FE9-B2C9-B3EFBB3922BB}.Debug|Any CPU.Build.0 = Debug|Any CPU
		{24A22D38-ACDE-4FE9-B2C9-B3EFBB3922BB}.Release|Any CPU.ActiveCfg = Release|Any CPU
		{24A22D38-ACDE-4FE9-B2C9-B3EFBB3922BB}.Release|Any CPU.Build.0 = Release|Any CPU
		{522F198E-3786-4954-B5E9-6582757B739C}.Debug|Any CPU.ActiveCfg = Debug|Any CPU
		{522F198E-3786-4954-B5E9-6582757B739C}.Debug|Any CPU.Build.0 = Debug|Any CPU
		{522F198E-3786-4954-B5E9-6582757B739C}.Release|Any CPU.ActiveCfg = Release|Any CPU
		{522F198E-3786-4954-B5E9-6582757B739C}.Release|Any CPU.Build.0 = Release|Any CPU
	EndGlobalSection
	GlobalSection(SolutionProperties) = preSolution
		HideSolutionNode = FALSE
	EndGlobalSection
EndGlobal
