
Microsoft Visual Studio Solution File, Format Version 11.00
# Visual Studio 2010
Project("{FAE04EC0-301F-11D3-BF4B-00C04F79EFBC}") = "KG4", "KG4\KG4.csproj", "{CECDD701-C9DA-4F79-A805-1C1A0C79B748}"
EndProject
Project("{2150E333-8FDC-42A3-9474-1A3956D46DE8}") = "Solution Items", "Solution Items", "{110B2341-20C8-46E5-A609-299044B05D97}"
	ProjectSection(SolutionItems) = preProject
		Performance1.psess = Performance1.psess
	EndProjectSection
EndProject
Global
	GlobalSection(TeamFoundationVersionControl) = preSolution
		SccNumberOfProjects = 2
		SccEnterpriseProvider = {4CA58AB2-18FA-4F8D-95D4-32DDF27D184C}
		SccTeamFoundationServer = http://klmn/tfs/defaultcollection
		SccLocalPath0 = .
		SccProjectUniqueName1 = KG4\\KG4.csproj
		SccProjectName1 = KG4
		SccLocalPath1 = KG4
	EndGlobalSection
	GlobalSection(SolutionConfigurationPlatforms) = preSolution
		Debug|Any CPU = Debug|Any CPU
		Release|Any CPU = Release|Any CPU
	EndGlobalSection
	GlobalSection(ProjectConfigurationPlatforms) = postSolution
		{CECDD701-C9DA-4F79-A805-1C1A0C79B748}.Debug|Any CPU.ActiveCfg = Debug|Any CPU
		{CECDD701-C9DA-4F79-A805-1C1A0C79B748}.Debug|Any CPU.Build.0 = Debug|Any CPU
		{CECDD701-C9DA-4F79-A805-1C1A0C79B748}.Release|Any CPU.ActiveCfg = Release|Any CPU
		{CECDD701-C9DA-4F79-A805-1C1A0C79B748}.Release|Any CPU.Build.0 = Release|Any CPU
	EndGlobalSection
	GlobalSection(SolutionProperties) = preSolution
		HideSolutionNode = FALSE
	EndGlobalSection
EndGlobal
