
Microsoft Visual Studio Solution File, Format Version 10.00
# Visual Studio 2008
Project("{FAE04EC0-301F-11D3-BF4B-00C04F79EFBC}") = "Lab2 SimplexMethod", "SimplexMethod\Lab2 SimplexMethod.csproj", "{27FF1204-81C9-455D-BD8C-773414C3AFB3}"
EndProject
Project("{FAE04EC0-301F-11D3-BF4B-00C04F79EFBC}") = "ллхн К1", "ллхн К1\ллхн К1.csproj", "{A8A595EF-7FCA-4324-BAD5-6D5352B2C4B8}"
EndProject
Project("{FAE04EC0-301F-11D3-BF4B-00C04F79EFBC}") = "DekartGraphic", "Dekart\DekartGraphic.csproj", "{97B73544-29AE-4AFA-9DB4-957C6D16A13F}"
EndProject
Project("{FAE04EC0-301F-11D3-BF4B-00C04F79EFBC}") = "Lab3 Transport", "Lab3 Transport\Lab3 Transport.csproj", "{294D397F-4F01-48A3-878C-47A13927AFC4}"
EndProject
Global
	GlobalSection(SolutionConfigurationPlatforms) = preSolution
		Debug|Any CPU = Debug|Any CPU
		Release|Any CPU = Release|Any CPU
	EndGlobalSection
	GlobalSection(ProjectConfigurationPlatforms) = postSolution
		{27FF1204-81C9-455D-BD8C-773414C3AFB3}.Debug|Any CPU.ActiveCfg = Debug|Any CPU
		{27FF1204-81C9-455D-BD8C-773414C3AFB3}.Debug|Any CPU.Build.0 = Debug|Any CPU
		{27FF1204-81C9-455D-BD8C-773414C3AFB3}.Release|Any CPU.ActiveCfg = Release|Any CPU
		{27FF1204-81C9-455D-BD8C-773414C3AFB3}.Release|Any CPU.Build.0 = Release|Any CPU
		{A8A595EF-7FCA-4324-BAD5-6D5352B2C4B8}.Debug|Any CPU.ActiveCfg = Debug|Any CPU
		{A8A595EF-7FCA-4324-BAD5-6D5352B2C4B8}.Debug|Any CPU.Build.0 = Debug|Any CPU
		{A8A595EF-7FCA-4324-BAD5-6D5352B2C4B8}.Release|Any CPU.ActiveCfg = Release|Any CPU
		{A8A595EF-7FCA-4324-BAD5-6D5352B2C4B8}.Release|Any CPU.Build.0 = Release|Any CPU
		{97B73544-29AE-4AFA-9DB4-957C6D16A13F}.Debug|Any CPU.ActiveCfg = Debug|Any CPU
		{97B73544-29AE-4AFA-9DB4-957C6D16A13F}.Debug|Any CPU.Build.0 = Debug|Any CPU
		{97B73544-29AE-4AFA-9DB4-957C6D16A13F}.Release|Any CPU.ActiveCfg = Release|Any CPU
		{97B73544-29AE-4AFA-9DB4-957C6D16A13F}.Release|Any CPU.Build.0 = Release|Any CPU
		{294D397F-4F01-48A3-878C-47A13927AFC4}.Debug|Any CPU.ActiveCfg = Debug|Any CPU
		{294D397F-4F01-48A3-878C-47A13927AFC4}.Debug|Any CPU.Build.0 = Debug|Any CPU
		{294D397F-4F01-48A3-878C-47A13927AFC4}.Release|Any CPU.ActiveCfg = Release|Any CPU
		{294D397F-4F01-48A3-878C-47A13927AFC4}.Release|Any CPU.Build.0 = Release|Any CPU
	EndGlobalSection
	GlobalSection(SolutionProperties) = preSolution
		HideSolutionNode = FALSE
	EndGlobalSection
EndGlobal
