
Microsoft Visual Studio Solution File, Format Version 9.00
# Visual Studio 2005
Project("{FAE04EC0-301F-11D3-BF4B-00C04F79EFBC}") = "À‡·1", "À‡·1\À‡·1.csproj", "{F0F864CB-160C-4FB0-A8AE-079A357E480B}"
EndProject
Global
	GlobalSection(SolutionConfigurationPlatforms) = preSolution
		Debug|Any CPU = Debug|Any CPU
		Release|Any CPU = Release|Any CPU
	EndGlobalSection
	GlobalSection(ProjectConfigurationPlatforms) = postSolution
		{F0F864CB-160C-4FB0-A8AE-079A357E480B}.Debug|Any CPU.ActiveCfg = Debug|Any CPU
		{F0F864CB-160C-4FB0-A8AE-079A357E480B}.Debug|Any CPU.Build.0 = Debug|Any CPU
		{F0F864CB-160C-4FB0-A8AE-079A357E480B}.Release|Any CPU.ActiveCfg = Release|Any CPU
		{F0F864CB-160C-4FB0-A8AE-079A357E480B}.Release|Any CPU.Build.0 = Release|Any CPU
	EndGlobalSection
	GlobalSection(SolutionProperties) = preSolution
		HideSolutionNode = FALSE
	EndGlobalSection
EndGlobal
