
Microsoft Visual Studio Solution File, Format Version 9.00
# Visual Studio 2005
Project("{FAE04EC0-301F-11D3-BF4B-00C04F79EFBC}") = "automats", "automats\automats.csproj", "{76A90044-6ECE-4F55-AFFA-A16439990D60}"
EndProject
Global
	GlobalSection(SolutionConfigurationPlatforms) = preSolution
		Debug|Any CPU = Debug|Any CPU
		Release|Any CPU = Release|Any CPU
	EndGlobalSection
	GlobalSection(ProjectConfigurationPlatforms) = postSolution
		{76A90044-6ECE-4F55-AFFA-A16439990D60}.Debug|Any CPU.ActiveCfg = Debug|Any CPU
		{76A90044-6ECE-4F55-AFFA-A16439990D60}.Debug|Any CPU.Build.0 = Debug|Any CPU
		{76A90044-6ECE-4F55-AFFA-A16439990D60}.Release|Any CPU.ActiveCfg = Release|Any CPU
		{76A90044-6ECE-4F55-AFFA-A16439990D60}.Release|Any CPU.Build.0 = Release|Any CPU
	EndGlobalSection
	GlobalSection(SolutionProperties) = preSolution
		HideSolutionNode = FALSE
	EndGlobalSection
EndGlobal
