
Microsoft Visual Studio Solution File, Format Version 10.00
# Visual Studio 2008
Project("{FAE04EC0-301F-11D3-BF4B-00C04F79EFBC}") = "cglr3", "cglr3\cglr3.csproj", "{7D6C4785-26CE-4937-BF14-6A5742C16AEA}"
EndProject
Global
	GlobalSection(SolutionConfigurationPlatforms) = preSolution
		Debug|Any CPU = Debug|Any CPU
		Release|Any CPU = Release|Any CPU
	EndGlobalSection
	GlobalSection(ProjectConfigurationPlatforms) = postSolution
		{7D6C4785-26CE-4937-BF14-6A5742C16AEA}.Debug|Any CPU.ActiveCfg = Debug|Any CPU
		{7D6C4785-26CE-4937-BF14-6A5742C16AEA}.Debug|Any CPU.Build.0 = Debug|Any CPU
		{7D6C4785-26CE-4937-BF14-6A5742C16AEA}.Release|Any CPU.ActiveCfg = Release|Any CPU
		{7D6C4785-26CE-4937-BF14-6A5742C16AEA}.Release|Any CPU.Build.0 = Release|Any CPU
	EndGlobalSection
	GlobalSection(SolutionProperties) = preSolution
		HideSolutionNode = FALSE
	EndGlobalSection
EndGlobal
