
Microsoft Visual Studio Solution File, Format Version 9.00
# Visual Studio 2005
Project("{8BC9CEB8-8B4A-11D0-8D11-00A0C91BC942}") = "actix", "actix\actix.vcproj", "{77E919D6-CA9E-48D7-A905-A6EB45622DF9}"
EndProject
Global
	GlobalSection(SolutionConfigurationPlatforms) = preSolution
		Debug|Win32 = Debug|Win32
		Release|Win32 = Release|Win32
	EndGlobalSection
	GlobalSection(ProjectConfigurationPlatforms) = postSolution
		{77E919D6-CA9E-48D7-A905-A6EB45622DF9}.Debug|Win32.ActiveCfg = Debug|Win32
		{77E919D6-CA9E-48D7-A905-A6EB45622DF9}.Debug|Win32.Build.0 = Debug|Win32
		{77E919D6-CA9E-48D7-A905-A6EB45622DF9}.Release|Win32.ActiveCfg = Release|Win32
		{77E919D6-CA9E-48D7-A905-A6EB45622DF9}.Release|Win32.Build.0 = Release|Win32
	EndGlobalSection
	GlobalSection(SolutionProperties) = preSolution
		HideSolutionNode = FALSE
	EndGlobalSection
EndGlobal
