
Microsoft Visual Studio Solution File, Format Version 10.00
# Visual Studio 2008
Project("{FAE04EC0-301F-11D3-BF4B-00C04F79EFBC}") = "KG5 Triang", "KG5 Triang\KG5 Triang.csproj", "{6530720F-7D57-4705-BF93-03BDB654AE09}"
EndProject
Global
	GlobalSection(SolutionConfigurationPlatforms) = preSolution
		Debug|Any CPU = Debug|Any CPU
		Release|Any CPU = Release|Any CPU
	EndGlobalSection
	GlobalSection(ProjectConfigurationPlatforms) = postSolution
		{6530720F-7D57-4705-BF93-03BDB654AE09}.Debug|Any CPU.ActiveCfg = Debug|Any CPU
		{6530720F-7D57-4705-BF93-03BDB654AE09}.Debug|Any CPU.Build.0 = Debug|Any CPU
		{6530720F-7D57-4705-BF93-03BDB654AE09}.Release|Any CPU.ActiveCfg = Release|Any CPU
		{6530720F-7D57-4705-BF93-03BDB654AE09}.Release|Any CPU.Build.0 = Release|Any CPU
	EndGlobalSection
	GlobalSection(SolutionProperties) = preSolution
		HideSolutionNode = FALSE
	EndGlobalSection
EndGlobal
